// !$*UTF8*$!
{
	archiveVersion = 1;
	classes = {
	};
	objectVersion = 50;
	objects = {

/* Begin PBXBuildFile section */
		C01C5CD9258990BD008C3758 /* AppDelegate.swift in Sources */ = {isa = PBXBuildFile; fileRef = C01C5CD8258990BD008C3758 /* AppDelegate.swift */; };
		C01C5CDB258990BD008C3758 /* SceneDelegate.swift in Sources */ = {isa = PBXBuildFile; fileRef = C01C5CDA258990BD008C3758 /* SceneDelegate.swift */; };
		C01C5CDD258990BD008C3758 /* ViewController.swift in Sources */ = {isa = PBXBuildFile; fileRef = C01C5CDC258990BD008C3758 /* ViewController.swift */; };
		C01C5CE0258990BD008C3758 /* Main.storyboard in Resources */ = {isa = PBXBuildFile; fileRef = C01C5CDE258990BD008C3758 /* Main.storyboard */; };
		C01C5CE2258990BF008C3758 /* Assets.xcassets in Resources */ = {isa = PBXBuildFile; fileRef = C01C5CE1258990BF008C3758 /* Assets.xcassets */; };
		C01C5CE5258990BF008C3758 /* LaunchScreen.storyboard in Resources */ = {isa = PBXBuildFile; fileRef = C01C5CE3258990BF008C3758 /* LaunchScreen.storyboard */; };
		C01C5CEF2589B589008C3758 /* StorageHandler.swift in Sources */ = {isa = PBXBuildFile; fileRef = C01C5CEE2589B589008C3758 /* StorageHandler.swift */; };
		C01C5CF22589BF62008C3758 /* DrawingsViewController.swift in Sources */ = {isa = PBXBuildFile; fileRef = C01C5CF12589BF62008C3758 /* DrawingsViewController.swift */; };
		C01C5CF72589CEDE008C3758 /* DrawingImageCellCollectionViewCell.swift in Sources */ = {isa = PBXBuildFile; fileRef = C01C5CF62589CEDE008C3758 /* DrawingImageCellCollectionViewCell.swift */; };
/* End PBXBuildFile section */

/* Begin PBXFileReference section */
		C01C5CD5258990BD008C3758 /* DrawingApp-Final.app */ = {isa = PBXFileReference; explicitFileType = wrapper.application; includeInIndex = 0; path = "DrawingApp-Final.app"; sourceTree = BUILT_PRODUCTS_DIR; };
		C01C5CD8258990BD008C3758 /* AppDelegate.swift */ = {isa = PBXFileReference; lastKnownFileType = sourcecode.swift; path = AppDelegate.swift; sourceTree = "<group>"; };
		C01C5CDA258990BD008C3758 /* SceneDelegate.swift */ = {isa = PBXFileReference; lastKnownFileType = sourcecode.swift; path = SceneDelegate.swift; sourceTree = "<group>"; };
		C01C5CDC258990BD008C3758 /* ViewController.swift */ = {isa = PBXFileReference; lastKnownFileType = sourcecode.swift; path = ViewController.swift; sourceTree = "<group>"; };
		C01C5CDF258990BD008C3758 /* Base */ = {isa = PBXFileReference; lastKnownFileType = file.storyboard; name = Base; path = Base.lproj/Main.storyboard; sourceTree = "<group>"; };
		C01C5CE1258990BF008C3758 /* Assets.xcassets */ = {isa = PBXFileReference; lastKnownFileType = folder.assetcatalog; path = Assets.xcassets; sourceTree = "<group>"; };
		C01C5CE4258990BF008C3758 /* Base */ = {isa = PBXFileReference; lastKnownFileType = file.storyboard; name = Base; path = Base.lproj/LaunchScreen.storyboard; sourceTree = "<group>"; };
		C01C5CE6258990BF008C3758 /* Info.plist */ = {isa = PBXFileReference; lastKnownFileType = text.plist.xml; path = Info.plist; sourceTree = "<group>"; };
		C01C5CEE2589B589008C3758 /* StorageHandler.swift */ = {isa = PBXFileReference; lastKnownFileType = sourcecode.swift; path = StorageHandler.swift; sourceTree = "<group>"; };
		C01C5CF12589BF62008C3758 /* DrawingsViewController.swift */ = {isa = PBXFileReference; lastKnownFileType = sourcecode.swift; path = DrawingsViewController.swift; sourceTree = "<group>"; };
		C01C5CF62589CEDE008C3758 /* DrawingImageCellCollectionViewCell.swift */ = {isa = PBXFileReference; lastKnownFileType = sourcecode.swift; path = DrawingImageCellCollectionViewCell.swift; sourceTree = "<group>"; };
/* End PBXFileReference section */

/* Begin PBXFrameworksBuildPhase section */
		C01C5CD2258990BD008C3758 /* Frameworks */ = {
			isa = PBXFrameworksBuildPhase;
			buildActionMask = 2147483647;
			files = (
			);
			runOnlyForDeploymentPostprocessing = 0;
		};
/* End PBXFrameworksBuildPhase section */

/* Begin PBXGroup section */
		C01C5CCC258990BD008C3758 = {
			isa = PBXGroup;
			children = (
				C01C5CD7258990BD008C3758 /* DrawingApp-Final */,
				C01C5CD6258990BD008C3758 /* Products */,
			);
			sourceTree = "<group>";
		};
		C01C5CD6258990BD008C3758 /* Products */ = {
			isa = PBXGroup;
			children = (
				C01C5CD5258990BD008C3758 /* DrawingApp-Final.app */,
			);
			name = Products;
			sourceTree = "<group>";
		};
		C01C5CD7258990BD008C3758 /* DrawingApp-Final */ = {
			isa = PBXGroup;
			children = (
				C01C5CD8258990BD008C3758 /* AppDelegate.swift */,
				C01C5CDA258990BD008C3758 /* SceneDelegate.swift */,
				C01C5CDC258990BD008C3758 /* ViewController.swift */,
				C01C5CDE258990BD008C3758 /* Main.storyboard */,
				C01C5CE1258990BF008C3758 /* Assets.xcassets */,
				C01C5CE3258990BF008C3758 /* LaunchScreen.storyboard */,
				C01C5CE6258990BF008C3758 /* Info.plist */,
				C01C5CEE2589B589008C3758 /* StorageHandler.swift */,
				C01C5CF12589BF62008C3758 /* DrawingsViewController.swift */,
				C01C5CF62589CEDE008C3758 /* DrawingImageCellCollectionViewCell.swift */,
			);
			path = "DrawingApp-Final";
			sourceTree = "<group>";
		};
/* End PBXGroup section */

/* Begin PBXNativeTarget section */
		C01C5CD4258990BD008C3758 /* DrawingApp-Final */ = {
			isa = PBXNativeTarget;
			buildConfigurationList = C01C5CE9258990BF008C3758 /* Build configuration list for PBXNativeTarget "DrawingApp-Final" */;
			buildPhases = (
				C01C5CD1258990BD008C3758 /* Sources */,
				C01C5CD2258990BD008C3758 /* Frameworks */,
				C01C5CD3258990BD008C3758 /* Resources */,
			);
			buildRules = (
			);
			dependencies = (
			);
			name = "DrawingApp-Final";
			productName = "DrawingApp-Final";
			productReference = C01C5CD5258990BD008C3758 /* DrawingApp-Final.app */;
			productType = "com.apple.product-type.application";
		};
/* End PBXNativeTarget section */

/* Begin PBXProject section */
		C01C5CCD258990BD008C3758 /* Project object */ = {
			isa = PBXProject;
			attributes = {
				LastSwiftUpdateCheck = 1220;
				LastUpgradeCheck = 1220;
				TargetAttributes = {
					C01C5CD4258990BD008C3758 = {
						CreatedOnToolsVersion = 12.2;
					};
				};
			};
			buildConfigurationList = C01C5CD0258990BD008C3758 /* Build configuration list for PBXProject "DrawingApp-Final" */;
			compatibilityVersion = "Xcode 9.3";
			developmentRegion = en;
			hasScannedForEncodings = 0;
			knownRegions = (
				en,
				Base,
			);
			mainGroup = C01C5CCC258990BD008C3758;
			productRefGroup = C01C5CD6258990BD008C3758 /* Products */;
			projectDirPath = "";
			projectRoot = "";
			targets = (
				C01C5CD4258990BD008C3758 /* DrawingApp-Final */,
			);
		};
/* End PBXProject section */

/* Begin PBXResourcesBuildPhase section */
		C01C5CD3258990BD008C3758 /* Resources */ = {
			isa = PBXResourcesBuildPhase;
			buildActionMask = 2147483647;
			files = (
				C01C5CE5258990BF008C3758 /* LaunchScreen.storyboard in Resources */,
				C01C5CE2258990BF008C3758 /* Assets.xcassets in Resources */,
				C01C5CE0258990BD008C3758 /* Main.storyboard in Resources */,
			);
			runOnlyForDeploymentPostprocessing = 0;
		};
/* End PBXResourcesBuildPhase section */

/* Begin PBXSourcesBuildPhase section */
		C01C5CD1258990BD008C3758 /* Sources */ = {
			isa = PBXSourcesBuildPhase;
			buildActionMask = 2147483647;
			files = (
				C01C5CDD258990BD008C3758 /* ViewController.swift in Sources */,
				C01C5CD9258990BD008C3758 /* AppDelegate.swift in Sources */,
				C01C5CEF2589B589008C3758 /* StorageHandler.swift in Sources */,
				C01C5CF22589BF62008C3758 /* DrawingsViewController.swift in Sources */,
				C01C5CDB258990BD008C3758 /* SceneDelegate.swift in Sources */,
				C01C5CF72589CEDE008C3758 /* DrawingImageCellCollectionViewCell.swift in Sources */,
			);
			runOnlyForDeploymentPostprocessing = 0;
		};
/* End PBXSourcesBuildPhase section */

/* Begin PBXVariantGroup section */
		C01C5CDE258990BD008C3758 /* Main.storyboard */ = {
			isa = PBXVariantGroup;
			children = (
				C01C5CDF258990BD008C3758 /* Base */,
			);
			name = Main.storyboard;
			sourceTree = "<group>";
		};
		C01C5CE3258990BF008C3758 /* LaunchScreen.storyboard */ = {
			isa = PBXVariantGroup;
			children = (
				C01C5CE4258990BF008C3758 /* Base */,
			);
			name = LaunchScreen.storyboard;
			sourceTree = "<group>";
		};
/* End PBXVariantGroup section */

/* Begin XCBuildConfiguration section */
		C01C5CE7258990BF008C3758 /* Debug */ = {
			isa = XCBuildConfiguration;
			buildSettings = {
				ALWAYS_SEARCH_USER_PATHS = NO;
				CLANG_ANALYZER_NONNULL = YES;
				CLANG_ANALYZER_NUMBER_OBJECT_CONVERSION = YES_AGGRESSIVE;
				CLANG_CXX_LANGUAGE_STANDARD = "gnu++14";
				CLANG_CXX_LIBRARY = "libc++";
				CLANG_ENABLE_MODULES = YES;
				CLANG_ENABLE_OBJC_ARC = YES;
				CLANG_ENABLE_OBJC_WEAK = YES;
				CLANG_WARN_BLOCK_CAPTURE_AUTORELEASING = YES;
				CLANG_WARN_BOOL_CONVERSION = YES;
				CLANG_WARN_COMMA = YES;
				CLANG_WARN_CONSTANT_CONVERSION = YES;
				CLANG_WARN_DEPRECATED_OBJC_IMPLEMENTATIONS = YES;
				CLANG_WARN_DIRECT_OBJC_ISA_USAGE = YES_ERROR;
				CLANG_WARN_DOCUMENTATION_COMMENTS = YES;
				CLANG_WARN_EMPTY_BODY = YES;
				CLANG_WARN_ENUM_CONVERSION = YES;
				CLANG_WARN_INFINITE_RECURSION = YES;
				CLANG_WARN_INT_CONVERSION = YES;
				CLANG_WARN_NON_LITERAL_NULL_CONVERSION = YES;
				CLANG_WARN_OBJC_IMPLICIT_RETAIN_SELF = YES;
				CLANG_WARN_OBJC_LITERAL_CONVERSION = YES;
				CLANG_WARN_OBJC_ROOT_CLASS = YES_ERROR;
				CLANG_WARN_QUOTED_INCLUDE_IN_FRAMEWORK_HEADER = YES;
				CLANG_WARN_RANGE_LOOP_ANALYSIS = YES;
				CLANG_WARN_STRICT_PROTOTYPES = YES;
				CLANG_WARN_SUSPICIOUS_MOVE = YES;
				CLANG_WARN_UNGUARDED_AVAILABILITY = YES_AGGRESSIVE;
				CLANG_WARN_UNREACHABLE_CODE = YES;
				CLANG_WARN__DUPLICATE_METHOD_MATCH = YES;
				COPY_PHASE_STRIP = NO;
				DEBUG_INFORMATION_FORMAT = dwarf;
				ENABLE_STRICT_OBJC_MSGSEND = YES;
				ENABLE_TESTABILITY = YES;
				GCC_C_LANGUAGE_STANDARD = gnu11;
				GCC_DYNAMIC_NO_PIC = NO;
				GCC_NO_COMMON_BLOCKS = YES;
				GCC_OPTIMIZATION_LEVEL = 0;
				GCC_PREPROCESSOR_DEFINITIONS = (
					"DEBUG=1",
					"$(inherited)",
				);
				GCC_WARN_64_TO_32_BIT_CONVERSION = YES;
				GCC_WARN_ABOUT_RETURN_TYPE = YES_ERROR;
				GCC_WARN_UNDECLARED_SELECTOR = YES;
				GCC_WARN_UNINITIALIZED_AUTOS = YES_AGGRESSIVE;
				GCC_WARN_UNUSED_FUNCTION = YES;
				GCC_WARN_UNUSED_VARIABLE = YES;
				IPHONEOS_DEPLOYMENT_TARGET = 14.2;
				MTL_ENABLE_DEBUG_INFO = INCLUDE_SOURCE;
				MTL_FAST_MATH = YES;
				ONLY_ACTIVE_ARCH = YES;
				SDKROOT = iphoneos;
				SWIFT_ACTIVE_COMPILATION_CONDITIONS = DEBUG;
				SWIFT_OPTIMIZATION_LEVEL = "-Onone";
			};
			name = Debug;
		};
		C01C5CE8258990BF008C3758 /* Release */ = {
			isa = XCBuildConfiguration;
			buildSettings = {
				ALWAYS_SEARCH_USER_PATHS = NO;
				CLANG_ANALYZER_NONNULL = YES;
				CLANG_ANALYZER_NUMBER_OBJECT_CONVERSION = YES_AGGRESSIVE;
				CLANG_CXX_LANGUAGE_STANDARD = "gnu++14";
				CLANG_CXX_LIBRARY = "libc++";
				CLANG_ENABLE_MODULES = YES;
				CLANG_ENABLE_OBJC_ARC = YES;
				CLANG_ENABLE_OBJC_WEAK = YES;
				CLANG_WARN_BLOCK_CAPTURE_AUTORELEASING = YES;
				CLANG_WARN_BOOL_CONVERSION = YES;
				CLANG_WARN_COMMA = YES;
				CLANG_WARN_CONSTANT_CONVERSION = YES;
				CLANG_WARN_DEPRECATED_OBJC_IMPLEMENTATIONS = YES;
				CLANG_WARN_DIRECT_OBJC_ISA_USAGE = YES_ERROR;
				CLANG_WARN_DOCUMENTATION_COMMENTS = YES;
				CLANG_WARN_EMPTY_BODY = YES;
				CLANG_WARN_ENUM_CONVERSION = YES;
				CLANG_WARN_INFINITE_RECURSION = YES;
				CLANG_WARN_INT_CONVERSION = YES;
				CLANG_WARN_NON_LITERAL_NULL_CONVERSION = YES;
				CLANG_WARN_OBJC_IMPLICIT_RETAIN_SELF = YES;
				CLANG_WARN_OBJC_LITERAL_CONVERSION = YES;
				CLANG_WARN_OBJC_ROOT_CLASS = YES_ERROR;
				CLANG_WARN_QUOTED_INCLUDE_IN_FRAMEWORK_HEADER = YES;
				CLANG_WARN_RANGE_LOOP_ANALYSIS = YES;
				CLANG_WARN_STRICT_PROTOTYPES = YES;
				CLANG_WARN_SUSPICIOUS_MOVE = YES;
				CLANG_WARN_UNGUARDED_AVAILABILITY = YES_AGGRESSIVE;
				CLANG_WARN_UNREACHABLE_CODE = YES;
				CLANG_WARN__DUPLICATE_METHOD_MATCH = YES;
				COPY_PHASE_STRIP = NO;
				DEBUG_INFORMATION_FORMAT = "dwarf-with-dsym";
				ENABLE_NS_ASSERTIONS = NO;
				ENABLE_STRICT_OBJC_MSGSEND = YES;
				GCC_C_LANGUAGE_STANDARD = gnu11;
				GCC_NO_COMMON_BLOCKS = YES;
				GCC_WARN_64_TO_32_BIT_CONVERSION = YES;
				GCC_WARN_ABOUT_RETURN_TYPE = YES_ERROR;
				GCC_WARN_UNDECLARED_SELECTOR = YES;
				GCC_WARN_UNINITIALIZED_AUTOS = YES_AGGRESSIVE;
				GCC_WARN_UNUSED_FUNCTION = YES;
				GCC_WARN_UNUSED_VARIABLE = YES;
				IPHONEOS_DEPLOYMENT_TARGET = 14.2;
				MTL_ENABLE_DEBUG_INFO = NO;
				MTL_FAST_MATH = YES;
				SDKROOT = iphoneos;
				SWIFT_COMPILATION_MODE = wholemodule;
				SWIFT_OPTIMIZATION_LEVEL = "-O";
				VALIDATE_PRODUCT = YES;
			};
			name = Release;
		};
		C01C5CEA258990BF008C3758 /* Debug */ = {
			isa = XCBuildConfiguration;
			buildSettings = {
				ASSETCATALOG_COMPILER_APPICON_NAME = AppIcon;
				ASSETCATALOG_COMPILER_GLOBAL_ACCENT_COLOR_NAME = AccentColor;
				CODE_SIGN_STYLE = Automatic;
				DEVELOPMENT_TEAM = 2NRNJ33G63;
				INFOPLIST_FILE = "DrawingApp-Final/Info.plist";
				LD_RUNPATH_SEARCH_PATHS = (
					"$(inherited)",
					"@executable_path/Frameworks",
				);
				PRODUCT_BUNDLE_IDENTIFIER = "Travis.DrawingApp-Final";
				PRODUCT_NAME = "$(TARGET_NAME)";
				SWIFT_VERSION = 5.0;
				TARGETED_DEVICE_FAMILY = "1,2";
			};
			name = Debug;
		};
		C01C5CEB258990BF008C3758 /* Release */ = {
			isa = XCBuildConfiguration;
			buildSettings = {
				ASSETCATALOG_COMPILER_APPICON_NAME = AppIcon;
				ASSETCATALOG_COMPILER_GLOBAL_ACCENT_COLOR_NAME = AccentColor;
				CODE_SIGN_STYLE = Automatic;
				DEVELOPMENT_TEAM = 2NRNJ33G63;
				INFOPLIST_FILE = "DrawingApp-Final/Info.plist";
				LD_RUNPATH_SEARCH_PATHS = (
					"$(inherited)",
					"@executable_path/Frameworks",
				);
				PRODUCT_BUNDLE_IDENTIFIER = "Travis.DrawingApp-Final";
				PRODUCT_NAME = "$(TARGET_NAME)";
				SWIFT_VERSION = 5.0;
				TARGETED_DEVICE_FAMILY = "1,2";
			};
			name = Release;
		};
/* End XCBuildConfiguration section */

/* Begin XCConfigurationList section */
		C01C5CD0258990BD008C3758 /* Build configuration list for PBXProject "DrawingApp-Final" */ = {
			isa = XCConfigurationList;
			buildConfigurations = (
				C01C5CE7258990BF008C3758 /* Debug */,
				C01C5CE8258990BF008C3758 /* Release */,
			);
			defaultConfigurationIsVisible = 0;
			defaultConfigurationName = Release;
		};
		C01C5CE9258990BF008C3758 /* Build configuration list for PBXNativeTarget "DrawingApp-Final" */ = {
			isa = XCConfigurationList;
			buildConfigurations = (
				C01C5CEA258990BF008C3758 /* Debug */,
				C01C5CEB258990BF008C3758 /* Release */,
			);
			defaultConfigurationIsVisible = 0;
			defaultConfigurationName = Release;
		};
/* End XCConfigurationList section */
	};
	rootObject = C01C5CCD258990BD008C3758 /* Project object */;
}
